// !$*UTF8*$!
{
	archiveVersion = 1;
	classes = {
	};
	objectVersion = 48;
	objects = {

/* Begin PBXBuildFile section */
		D3ADDD5D2024BBA900B28BBB /* AppDelegate.swift in Sources */ = {isa = PBXBuildFile; fileRef = D3ADDD5C2024BBA900B28BBB /* AppDelegate.swift */; };
		D3ADDD5F2024BBA900B28BBB /* MasterViewController.swift in Sources */ = {isa = PBXBuildFile; fileRef = D3ADDD5E2024BBA900B28BBB /* MasterViewController.swift */; };
		D3ADDD612024BBA900B28BBB /* DetailViewController.swift in Sources */ = {isa = PBXBuildFile; fileRef = D3ADDD602024BBA900B28BBB /* DetailViewController.swift */; };
		D3ADDD642024BBA900B28BBB /* Main.storyboard in Resources */ = {isa = PBXBuildFile; fileRef = D3ADDD622024BBA900B28BBB /* Main.storyboard */; };
		D3ADDD662024BBA900B28BBB /* Assets.xcassets in Resources */ = {isa = PBXBuildFile; fileRef = D3ADDD652024BBA900B28BBB /* Assets.xcassets */; };
		D3ADDD692024BBA900B28BBB /* LaunchScreen.storyboard in Resources */ = {isa = PBXBuildFile; fileRef = D3ADDD672024BBA900B28BBB /* LaunchScreen.storyboard */; };
/* End PBXBuildFile section */

/* Begin PBXFileReference section */
		D3ADDD592024BBA900B28BBB /* AblyTest.app */ = {isa = PBXFileReference; explicitFileType = wrapper.application; includeInIndex = 0; path = AblyTest.app; sourceTree = BUILT_PRODUCTS_DIR; };
		D3ADDD5C2024BBA900B28BBB /* AppDelegate.swift */ = {isa = PBXFileReference; lastKnownFileType = sourcecode.swift; path = AppDelegate.swift; sourceTree = "<group>"; };
		D3ADDD5E2024BBA900B28BBB /* MasterViewController.swift */ = {isa = PBXFileReference; lastKnownFileType = sourcecode.swift; path = MasterViewController.swift; sourceTree = "<group>"; };
		D3ADDD602024BBA900B28BBB /* DetailViewController.swift */ = {isa = PBXFileReference; lastKnownFileType = sourcecode.swift; path = DetailViewController.swift; sourceTree = "<group>"; };
		D3ADDD632024BBA900B28BBB /* Base */ = {isa = PBXFileReference; lastKnownFileType = file.storyboard; name = Base; path = Base.lproj/Main.storyboard; sourceTree = "<group>"; };
		D3ADDD652024BBA900B28BBB /* Assets.xcassets */ = {isa = PBXFileReference; lastKnownFileType = folder.assetcatalog; path = Assets.xcassets; sourceTree = "<group>"; };
		D3ADDD682024BBA900B28BBB /* Base */ = {isa = PBXFileReference; lastKnownFileType = file.storyboard; name = Base; path = Base.lproj/LaunchScreen.storyboard; sourceTree = "<group>"; };
		D3ADDD6A2024BBA900B28BBB /* Info.plist */ = {isa = PBXFileReference; lastKnownFileType = text.plist.xml; path = Info.plist; sourceTree = "<group>"; };
/* End PBXFileReference section */

/* Begin PBXFrameworksBuildPhase section */
		D3ADDD562024BBA900B28BBB /* Frameworks */ = {
			isa = PBXFrameworksBuildPhase;
			buildActionMask = 2147483647;
			files = (
			);
			runOnlyForDeploymentPostprocessing = 0;
		};
/* End PBXFrameworksBuildPhase section */

/* Begin PBXGroup section */
		D3ADDD502024BBA900B28BBB = {
			isa = PBXGroup;
			children = (
				D3ADDD5B2024BBA900B28BBB /* AblyTest */,
				D3ADDD5A2024BBA900B28BBB /* Products */,
			);
			sourceTree = "<group>";
		};
		D3ADDD5A2024BBA900B28BBB /* Products */ = {
			isa = PBXGroup;
			children = (
				D3ADDD592024BBA900B28BBB /* AblyTest.app */,
			);
			name = Products;
			sourceTree = "<group>";
		};
		D3ADDD5B2024BBA900B28BBB /* AblyTest */ = {
			isa = PBXGroup;
			children = (
				D3ADDD5C2024BBA900B28BBB /* AppDelegate.swift */,
				D3ADDD5E2024BBA900B28BBB /* MasterViewController.swift */,
				D3ADDD602024BBA900B28BBB /* DetailViewController.swift */,
				D3ADDD622024BBA900B28BBB /* Main.storyboard */,
				D3ADDD652024BBA900B28BBB /* Assets.xcassets */,
				D3ADDD672024BBA900B28BBB /* LaunchScreen.storyboard */,
				D3ADDD6A2024BBA900B28BBB /* Info.plist */,
			);
			path = AblyTest;
			sourceTree = "<group>";
		};
/* End PBXGroup section */

/* Begin PBXNativeTarget section */
		D3ADDD582024BBA900B28BBB /* AblyTest */ = {
			isa = PBXNativeTarget;
			buildConfigurationList = D3ADDD6D2024BBA900B28BBB /* Build configuration list for PBXNativeTarget "AblyTest" */;
			buildPhases = (
				D3ADDD552024BBA900B28BBB /* Sources */,
				D3ADDD562024BBA900B28BBB /* Frameworks */,
				D3ADDD572024BBA900B28BBB /* Resources */,
			);
			buildRules = (
			);
			dependencies = (
			);
			name = AblyTest;
			productName = AblyTest;
			productReference = D3ADDD592024BBA900B28BBB /* AblyTest.app */;
			productType = "com.apple.product-type.application";
		};
/* End PBXNativeTarget section */

/* Begin PBXProject section */
		D3ADDD512024BBA900B28BBB /* Project object */ = {
			isa = PBXProject;
			attributes = {
				LastSwiftUpdateCheck = 0920;
				LastUpgradeCheck = 0920;
				ORGANIZATIONNAME = Ably;
				TargetAttributes = {
					D3ADDD582024BBA900B28BBB = {
						CreatedOnToolsVersion = 9.2;
						ProvisioningStyle = Automatic;
					};
				};
			};
			buildConfigurationList = D3ADDD542024BBA900B28BBB /* Build configuration list for PBXProject "AblyTest" */;
			compatibilityVersion = "Xcode 8.0";
			developmentRegion = en;
			hasScannedForEncodings = 0;
			knownRegions = (
				en,
				Base,
			);
			mainGroup = D3ADDD502024BBA900B28BBB;
			productRefGroup = D3ADDD5A2024BBA900B28BBB /* Products */;
			projectDirPath = "";
			projectRoot = "";
			targets = (
				D3ADDD582024BBA900B28BBB /* AblyTest */,
			);
		};
/* End PBXProject section */

/* Begin PBXResourcesBuildPhase section */
		D3ADDD572024BBA900B28BBB /* Resources */ = {
			isa = PBXResourcesBuildPhase;
			buildActionMask = 2147483647;
			files = (
				D3ADDD692024BBA900B28BBB /* LaunchScreen.storyboard in Resources */,
				D3ADDD662024BBA900B28BBB /* Assets.xcassets in Resources */,
				D3ADDD642024BBA900B28BBB /* Main.storyboard in Resources */,
			);
			runOnlyForDeploymentPostprocessing = 0;
		};
/* End PBXResourcesBuildPhase section */

/* Begin PBXSourcesBuildPhase section */
		D3ADDD552024BBA900B28BBB /* Sources */ = {
			isa = PBXSourcesBuildPhase;
			buildActionMask = 2147483647;
			files = (
				D3ADDD612024BBA900B28BBB /* DetailViewController.swift in Sources */,
				D3ADDD5F2024BBA900B28BBB /* MasterViewController.swift in Sources */,
				D3ADDD5D2024BBA900B28BBB /* AppDelegate.swift in Sources */,
			);
			runOnlyForDeploymentPostprocessing = 0;
		};
/* End PBXSourcesBuildPhase section */

/* Begin PBXVariantGroup section */
		D3ADDD622024BBA900B28BBB /* Main.storyboard */ = {
			isa = PBXVariantGroup;
			children = (
				D3ADDD632024BBA900B28BBB /* Base */,
			);
			name = Main.storyboard;
			sourceTree = "<group>";
		};
		D3ADDD672024BBA900B28BBB /* LaunchScreen.storyboard */ = {
			isa = PBXVariantGroup;
			children = (
				D3ADDD682024BBA900B28BBB /* Base */,
			);
			name = LaunchScreen.storyboard;
			sourceTree = "<group>";
		};
/* End PBXVariantGroup section */

/* Begin XCBuildConfiguration section */
		D3ADDD6B2024BBA900B28BBB /* Debug */ = {
			isa = XCBuildConfiguration;
			buildSettings = {
				ALWAYS_SEARCH_USER_PATHS = NO;
				CLANG_ANALYZER_NONNULL = YES;
				CLANG_ANALYZER_NUMBER_OBJECT_CONVERSION = YES_AGGRESSIVE;
				CLANG_CXX_LANGUAGE_STANDARD = "gnu++14";
				CLANG_CXX_LIBRARY = "libc++";
				CLANG_ENABLE_MODULES = YES;
				CLANG_ENABLE_OBJC_ARC = YES;
				CLANG_WARN_BLOCK_CAPTURE_AUTORELEASING = YES;
				CLANG_WARN_BOOL_CONVERSION = YES;
				CLANG_WARN_COMMA = YES;
				CLANG_WARN_CONSTANT_CONVERSION = YES;
				CLANG_WARN_DIRECT_OBJC_ISA_USAGE = YES_ERROR;
				CLANG_WARN_DOCUMENTATION_COMMENTS = YES;
				CLANG_WARN_EMPTY_BODY = YES;
				CLANG_WARN_ENUM_CONVERSION = YES;
				CLANG_WARN_INFINITE_RECURSION = YES;
				CLANG_WARN_INT_CONVERSION = YES;
				CLANG_WARN_NON_LITERAL_NULL_CONVERSION = YES;
				CLANG_WARN_OBJC_LITERAL_CONVERSION = YES;
				CLANG_WARN_OBJC_ROOT_CLASS = YES_ERROR;
				CLANG_WARN_RANGE_LOOP_ANALYSIS = YES;
				CLANG_WARN_STRICT_PROTOTYPES = YES;
				CLANG_WARN_SUSPICIOUS_MOVE = YES;
				CLANG_WARN_UNGUARDED_AVAILABILITY = YES_AGGRESSIVE;
				CLANG_WARN_UNREACHABLE_CODE = YES;
				CLANG_WARN__DUPLICATE_METHOD_MATCH = YES;
				CODE_SIGN_IDENTITY = "iPhone Developer";
				COPY_PHASE_STRIP = NO;
				DEBUG_INFORMATION_FORMAT = dwarf;
				ENABLE_STRICT_OBJC_MSGSEND = YES;
				ENABLE_TESTABILITY = YES;
				GCC_C_LANGUAGE_STANDARD = gnu11;
				GCC_DYNAMIC_NO_PIC = NO;
				GCC_NO_COMMON_BLOCKS = YES;
				GCC_OPTIMIZATION_LEVEL = 0;
				GCC_PREPROCESSOR_DEFINITIONS = (
					"DEBUG=1",
					"$(inherited)",
				);
				GCC_WARN_64_TO_32_BIT_CONVERSION = YES;
				GCC_WARN_ABOUT_RETURN_TYPE = YES_ERROR;
				GCC_WARN_UNDECLARED_SELECTOR = YES;
				GCC_WARN_UNINITIALIZED_AUTOS = YES_AGGRESSIVE;
				GCC_WARN_UNUSED_FUNCTION = YES;
				GCC_WARN_UNUSED_VARIABLE = YES;
				IPHONEOS_DEPLOYMENT_TARGET = 11.2;
				MTL_ENABLE_DEBUG_INFO = YES;
				ONLY_ACTIVE_ARCH = YES;
				SDKROOT = iphoneos;
				SWIFT_ACTIVE_COMPILATION_CONDITIONS = DEBUG;
				SWIFT_OPTIMIZATION_LEVEL = "-Onone";
			};
			name = Debug;
		};
		D3ADDD6C2024BBA900B28BBB /* Release */ = {
			isa = XCBuildConfiguration;
			buildSettings = {
				ALWAYS_SEARCH_USER_PATHS = NO;
				CLANG_ANALYZER_NONNULL = YES;
				CLANG_ANALYZER_NUMBER_OBJECT_CONVERSION = YES_AGGRESSIVE;
				CLANG_CXX_LANGUAGE_STANDARD = "gnu++14";
				CLANG_CXX_LIBRARY = "libc++";
				CLANG_ENABLE_MODULES = YES;
				CLANG_ENABLE_OBJC_ARC = YES;
				CLANG_WARN_BLOCK_CAPTURE_AUTORELEASING = YES;
				CLANG_WARN_BOOL_CONVERSION = YES;
				CLANG_WARN_COMMA = YES;
				CLANG_WARN_CONSTANT_CONVERSION = YES;
				CLANG_WARN_DIRECT_OBJC_ISA_USAGE = YES_ERROR;
				CLANG_WARN_DOCUMENTATION_COMMENTS = YES;
				CLANG_WARN_EMPTY_BODY = YES;
				CLANG_WARN_ENUM_CONVERSION = YES;
				CLANG_WARN_INFINITE_RECURSION = YES;
				CLANG_WARN_INT_CONVERSION = YES;
				CLANG_WARN_NON_LITERAL_NULL_CONVERSION = YES;
				CLANG_WARN_OBJC_LITERAL_CONVERSION = YES;
				CLANG_WARN_OBJC_ROOT_CLASS = YES_ERROR;
				CLANG_WARN_RANGE_LOOP_ANALYSIS = YES;
				CLANG_WARN_STRICT_PROTOTYPES = YES;
				CLANG_WARN_SUSPICIOUS_MOVE = YES;
				CLANG_WARN_UNGUARDED_AVAILABILITY = YES_AGGRESSIVE;
				CLANG_WARN_UNREACHABLE_CODE = YES;
				CLANG_WARN__DUPLICATE_METHOD_MATCH = YES;
				CODE_SIGN_IDENTITY = "iPhone Developer";
				COPY_PHASE_STRIP = NO;
				DEBUG_INFORMATION_FORMAT = "dwarf-with-dsym";
				ENABLE_NS_ASSERTIONS = NO;
				ENABLE_STRICT_OBJC_MSGSEND = YES;
				GCC_C_LANGUAGE_STANDARD = gnu11;
				GCC_NO_COMMON_BLOCKS = YES;
				GCC_WARN_64_TO_32_BIT_CONVERSION = YES;
				GCC_WARN_ABOUT_RETURN_TYPE = YES_ERROR;
				GCC_WARN_UNDECLARED_SELECTOR = YES;
				GCC_WARN_UNINITIALIZED_AUTOS = YES_AGGRESSIVE;
				GCC_WARN_UNUSED_FUNCTION = YES;
				GCC_WARN_UNUSED_VARIABLE = YES;
				IPHONEOS_DEPLOYMENT_TARGET = 11.2;
				MTL_ENABLE_DEBUG_INFO = NO;
				SDKROOT = iphoneos;
				SWIFT_OPTIMIZATION_LEVEL = "-Owholemodule";
				VALIDATE_PRODUCT = YES;
			};
			name = Release;
		};
		D3ADDD6E2024BBA900B28BBB /* Debug */ = {
			isa = XCBuildConfiguration;
			buildSettings = {
				ASSETCATALOG_COMPILER_APPICON_NAME = AppIcon;
				CODE_SIGN_STYLE = Automatic;
				DEVELOPMENT_TEAM = D2CD3DR3GP;
				INFOPLIST_FILE = AblyTest/Info.plist;
				LD_RUNPATH_SEARCH_PATHS = "$(inherited) @executable_path/Frameworks";
				PRODUCT_BUNDLE_IDENTIFIER = io.ably.AblyTest;
				PRODUCT_NAME = "$(TARGET_NAME)";
				SWIFT_VERSION = 4.0;
				TARGETED_DEVICE_FAMILY = "1,2";
			};
			name = Debug;
		};
		D3ADDD6F2024BBA900B28BBB /* Release */ = {
			isa = XCBuildConfiguration;
			buildSettings = {
				ASSETCATALOG_COMPILER_APPICON_NAME = AppIcon;
				CODE_SIGN_STYLE = Automatic;
				DEVELOPMENT_TEAM = D2CD3DR3GP;
				INFOPLIST_FILE = AblyTest/Info.plist;
				LD_RUNPATH_SEARCH_PATHS = "$(inherited) @executable_path/Frameworks";
				PRODUCT_BUNDLE_IDENTIFIER = io.ably.AblyTest;
				PRODUCT_NAME = "$(TARGET_NAME)";
				SWIFT_VERSION = 4.0;
				TARGETED_DEVICE_FAMILY = "1,2";
			};
			name = Release;
		};
/* End XCBuildConfiguration section */

/* Begin XCConfigurationList section */
		D3ADDD542024BBA900B28BBB /* Build configuration list for PBXProject "AblyTest" */ = {
			isa = XCConfigurationList;
			buildConfigurations = (
				D3ADDD6B2024BBA900B28BBB /* Debug */,
				D3ADDD6C2024BBA900B28BBB /* Release */,
			);
			defaultConfigurationIsVisible = 0;
			defaultConfigurationName = Release;
		};
		D3ADDD6D2024BBA900B28BBB /* Build configuration list for PBXNativeTarget "AblyTest" */ = {
			isa = XCConfigurationList;
			buildConfigurations = (
				D3ADDD6E2024BBA900B28BBB /* Debug */,
				D3ADDD6F2024BBA900B28BBB /* Release */,
			);
			defaultConfigurationIsVisible = 0;
			defaultConfigurationName = Release;
		};
/* End XCConfigurationList section */
	};
	rootObject = D3ADDD512024BBA900B28BBB /* Project object */;
}
